
Microsoft Visual Studio Solution File, Format Version 12.00
# Visual Studio Version 16
VisualStudioVersion = 16.0.35706.149
MinimumVisualStudioVersion = 10.0.40219.1
Project("{FAE04EC0-301F-11D3-BF4B-00C04F79EFBC}") = "emailEnvioSri", "emailEnvioSri\emailEnvioSri.csproj", "{29A48321-C78C-4579-9CA1-5302FD79E50E}"
EndProject
Global
	GlobalSection(SolutionConfigurationPlatforms) = preSolution
		Debug|Any CPU = Debug|Any CPU
		Release|Any CPU = Release|Any CPU
	EndGlobalSection
	GlobalSection(ProjectConfigurationPlatforms) = postSolution
		{29A48321-C78C-4579-9CA1-5302FD79E50E}.Debug|Any CPU.ActiveCfg = Debug|Any CPU
		{29A48321-C78C-4579-9CA1-5302FD79E50E}.Debug|Any CPU.Build.0 = Debug|Any CPU
		{29A48321-C78C-4579-9CA1-5302FD79E50E}.Release|Any CPU.ActiveCfg = Release|Any CPU
		{29A48321-C78C-4579-9CA1-5302FD79E50E}.Release|Any CPU.Build.0 = Release|Any CPU
	EndGlobalSection
	GlobalSection(SolutionProperties) = preSolution
		HideSolutionNode = FALSE
	EndGlobalSection
	GlobalSection(ExtensibilityGlobals) = postSolution
		SolutionGuid = {23A1CC3C-7E34-4A0D-9FC0-5489FF172335}
	EndGlobalSection
EndGlobal
